// !$*UTF8*$!
{
	archiveVersion = 1;
	classes = {
	};
	objectVersion = 55;
	objects = {

/* Begin PBXBuildFile section */
		9FDCD9E127724D03000F33D7 /* randomApp.swift in Sources */ = {isa = PBXBuildFile; fileRef = 9FDCD9E027724D03000F33D7 /* randomApp.swift */; };
		9FDCD9E327724D03000F33D7 /* ContentView.swift in Sources */ = {isa = PBXBuildFile; fileRef = 9FDCD9E227724D03000F33D7 /* ContentView.swift */; };
		9FDCD9E527724D05000F33D7 /* Assets.xcassets in Resources */ = {isa = PBXBuildFile; fileRef = 9FDCD9E427724D05000F33D7 /* Assets.xcassets */; };
		9FDCD9E827724D05000F33D7 /* Preview Assets.xcassets in Resources */ = {isa = PBXBuildFile; fileRef = 9FDCD9E727724D05000F33D7 /* Preview Assets.xcassets */; };
		9FDCD9F227724D05000F33D7 /* randomTests.swift in Sources */ = {isa = PBXBuildFile; fileRef = 9FDCD9F127724D05000F33D7 /* randomTests.swift */; };
		9FDCD9FC27724D05000F33D7 /* randomUITests.swift in Sources */ = {isa = PBXBuildFile; fileRef = 9FDCD9FB27724D05000F33D7 /* randomUITests.swift */; };
		9FDCD9FE27724D05000F33D7 /* randomUITestsLaunchTests.swift in Sources */ = {isa = PBXBuildFile; fileRef = 9FDCD9FD27724D05000F33D7 /* randomUITestsLaunchTests.swift */; };
/* End PBXBuildFile section */

/* Begin PBXContainerItemProxy section */
		9FDCD9EE27724D05000F33D7 /* PBXContainerItemProxy */ = {
			isa = PBXContainerItemProxy;
			containerPortal = 9FDCD9D527724D03000F33D7 /* Project object */;
			proxyType = 1;
			remoteGlobalIDString = 9FDCD9DC27724D03000F33D7;
			remoteInfo = random;
		};
		9FDCD9F827724D05000F33D7 /* PBXContainerItemProxy */ = {
			isa = PBXContainerItemProxy;
			containerPortal = 9FDCD9D527724D03000F33D7 /* Project object */;
			proxyType = 1;
			remoteGlobalIDString = 9FDCD9DC27724D03000F33D7;
			remoteInfo = random;
		};
/* End PBXContainerItemProxy section */

/* Begin PBXFileReference section */
		9FDCD9DD27724D03000F33D7 /* random.app */ = {isa = PBXFileReference; explicitFileType = wrapper.application; includeInIndex = 0; path = random.app; sourceTree = BUILT_PRODUCTS_DIR; };
		9FDCD9E027724D03000F33D7 /* randomApp.swift */ = {isa = PBXFileReference; lastKnownFileType = sourcecode.swift; path = randomApp.swift; sourceTree = "<group>"; };
		9FDCD9E227724D03000F33D7 /* ContentView.swift */ = {isa = PBXFileReference; lastKnownFileType = sourcecode.swift; path = ContentView.swift; sourceTree = "<group>"; };
		9FDCD9E427724D05000F33D7 /* Assets.xcassets */ = {isa = PBXFileReference; lastKnownFileType = folder.assetcatalog; path = Assets.xcassets; sourceTree = "<group>"; };
		9FDCD9E727724D05000F33D7 /* Preview Assets.xcassets */ = {isa = PBXFileReference; lastKnownFileType = folder.assetcatalog; path = "Preview Assets.xcassets"; sourceTree = "<group>"; };
		9FDCD9ED27724D05000F33D7 /* randomTests.xctest */ = {isa = PBXFileReference; explicitFileType = wrapper.cfbundle; includeInIndex = 0; path = randomTests.xctest; sourceTree = BUILT_PRODUCTS_DIR; };
		9FDCD9F127724D05000F33D7 /* randomTests.swift */ = {isa = PBXFileReference; lastKnownFileType = sourcecode.swift; path = randomTests.swift; sourceTree = "<group>"; };
		9FDCD9F727724D05000F33D7 /* randomUITests.xctest */ = {isa = PBXFileReference; explicitFileType = wrapper.cfbundle; includeInIndex = 0; path = randomUITests.xctest; sourceTree = BUILT_PRODUCTS_DIR; };
		9FDCD9FB27724D05000F33D7 /* randomUITests.swift */ = {isa = PBXFileReference; lastKnownFileType = sourcecode.swift; path = randomUITests.swift; sourceTree = "<group>"; };
		9FDCD9FD27724D05000F33D7 /* randomUITestsLaunchTests.swift */ = {isa = PBXFileReference; lastKnownFileType = sourcecode.swift; path = randomUITestsLaunchTests.swift; sourceTree = "<group>"; };
/* End PBXFileReference section */

/* Begin PBXFrameworksBuildPhase section */
		9FDCD9DA27724D03000F33D7 /* Frameworks */ = {
			isa = PBXFrameworksBuildPhase;
			buildActionMask = 2147483647;
			files = (
			);
			runOnlyForDeploymentPostprocessing = 0;
		};
		9FDCD9EA27724D05000F33D7 /* Frameworks */ = {
			isa = PBXFrameworksBuildPhase;
			buildActionMask = 2147483647;
			files = (
			);
			runOnlyForDeploymentPostprocessing = 0;
		};
		9FDCD9F427724D05000F33D7 /* Frameworks */ = {
			isa = PBXFrameworksBuildPhase;
			buildActionMask = 2147483647;
			files = (
			);
			runOnlyForDeploymentPostprocessing = 0;
		};
/* End PBXFrameworksBuildPhase section */

/* Begin PBXGroup section */
		9FDCD9D427724D03000F33D7 = {
			isa = PBXGroup;
			children = (
				9FDCD9DF27724D03000F33D7 /* random */,
				9FDCD9F027724D05000F33D7 /* randomTests */,
				9FDCD9FA27724D05000F33D7 /* randomUITests */,
				9FDCD9DE27724D03000F33D7 /* Products */,
			);
			sourceTree = "<group>";
		};
		9FDCD9DE27724D03000F33D7 /* Products */ = {
			isa = PBXGroup;
			children = (
				9FDCD9DD27724D03000F33D7 /* random.app */,
				9FDCD9ED27724D05000F33D7 /* randomTests.xctest */,
				9FDCD9F727724D05000F33D7 /* randomUITests.xctest */,
			);
			name = Products;
			sourceTree = "<group>";
		};
		9FDCD9DF27724D03000F33D7 /* random */ = {
			isa = PBXGroup;
			children = (
				9FDCD9E027724D03000F33D7 /* randomApp.swift */,
				9FDCD9E227724D03000F33D7 /* ContentView.swift */,
				9FDCD9E427724D05000F33D7 /* Assets.xcassets */,
				9FDCD9E627724D05000F33D7 /* Preview Content */,
			);
			path = random;
			sourceTree = "<group>";
		};
		9FDCD9E627724D05000F33D7 /* Preview Content */ = {
			isa = PBXGroup;
			children = (
				9FDCD9E727724D05000F33D7 /* Preview Assets.xcassets */,
			);
			path = "Preview Content";
			sourceTree = "<group>";
		};
		9FDCD9F027724D05000F33D7 /* randomTests */ = {
			isa = PBXGroup;
			children = (
				9FDCD9F127724D05000F33D7 /* randomTests.swift */,
			);
			path = randomTests;
			sourceTree = "<group>";
		};
		9FDCD9FA27724D05000F33D7 /* randomUITests */ = {
			isa = PBXGroup;
			children = (
				9FDCD9FB27724D05000F33D7 /* randomUITests.swift */,
				9FDCD9FD27724D05000F33D7 /* randomUITestsLaunchTests.swift */,
			);
			path = randomUITests;
			sourceTree = "<group>";
		};
/* End PBXGroup section */

/* Begin PBXNativeTarget section */
		9FDCD9DC27724D03000F33D7 /* random */ = {
			isa = PBXNativeTarget;
			buildConfigurationList = 9FDCDA0127724D05000F33D7 /* Build configuration list for PBXNativeTarget "random" */;
			buildPhases = (
				9FDCD9D927724D03000F33D7 /* Sources */,
				9FDCD9DA27724D03000F33D7 /* Frameworks */,
				9FDCD9DB27724D03000F33D7 /* Resources */,
			);
			buildRules = (
			);
			dependencies = (
			);
			name = random;
			productName = random;
			productReference = 9FDCD9DD27724D03000F33D7 /* random.app */;
			productType = "com.apple.product-type.application";
		};
		9FDCD9EC27724D05000F33D7 /* randomTests */ = {
			isa = PBXNativeTarget;
			buildConfigurationList = 9FDCDA0427724D05000F33D7 /* Build configuration list for PBXNativeTarget "randomTests" */;
			buildPhases = (
				9FDCD9E927724D05000F33D7 /* Sources */,
				9FDCD9EA27724D05000F33D7 /* Frameworks */,
				9FDCD9EB27724D05000F33D7 /* Resources */,
			);
			buildRules = (
			);
			dependencies = (
				9FDCD9EF27724D05000F33D7 /* PBXTargetDependency */,
			);
			name = randomTests;
			productName = randomTests;
			productReference = 9FDCD9ED27724D05000F33D7 /* randomTests.xctest */;
			productType = "com.apple.product-type.bundle.unit-test";
		};
		9FDCD9F627724D05000F33D7 /* randomUITests */ = {
			isa = PBXNativeTarget;
			buildConfigurationList = 9FDCDA0727724D05000F33D7 /* Build configuration list for PBXNativeTarget "randomUITests" */;
			buildPhases = (
				9FDCD9F327724D05000F33D7 /* Sources */,
				9FDCD9F427724D05000F33D7 /* Frameworks */,
				9FDCD9F527724D05000F33D7 /* Resources */,
			);
			buildRules = (
			);
			dependencies = (
				9FDCD9F927724D05000F33D7 /* PBXTargetDependency */,
			);
			name = randomUITests;
			productName = randomUITests;
			productReference = 9FDCD9F727724D05000F33D7 /* randomUITests.xctest */;
			productType = "com.apple.product-type.bundle.ui-testing";
		};
/* End PBXNativeTarget section */

/* Begin PBXProject section */
		9FDCD9D527724D03000F33D7 /* Project object */ = {
			isa = PBXProject;
			attributes = {
				BuildIndependentTargetsInParallel = 1;
				LastSwiftUpdateCheck = 1300;
				LastUpgradeCheck = 1300;
				TargetAttributes = {
					9FDCD9DC27724D03000F33D7 = {
						CreatedOnToolsVersion = 13.0;
					};
					9FDCD9EC27724D05000F33D7 = {
						CreatedOnToolsVersion = 13.0;
						TestTargetID = 9FDCD9DC27724D03000F33D7;
					};
					9FDCD9F627724D05000F33D7 = {
						CreatedOnToolsVersion = 13.0;
						TestTargetID = 9FDCD9DC27724D03000F33D7;
					};
				};
			};
			buildConfigurationList = 9FDCD9D827724D03000F33D7 /* Build configuration list for PBXProject "random" */;
			compatibilityVersion = "Xcode 13.0";
			developmentRegion = en;
			hasScannedForEncodings = 0;
			knownRegions = (
				en,
				Base,
			);
			mainGroup = 9FDCD9D427724D03000F33D7;
			productRefGroup = 9FDCD9DE27724D03000F33D7 /* Products */;
			projectDirPath = "";
			projectRoot = "";
			targets = (
				9FDCD9DC27724D03000F33D7 /* random */,
				9FDCD9EC27724D05000F33D7 /* randomTests */,
				9FDCD9F627724D05000F33D7 /* randomUITests */,
			);
		};
/* End PBXProject section */

/* Begin PBXResourcesBuildPhase section */
		9FDCD9DB27724D03000F33D7 /* Resources */ = {
			isa = PBXResourcesBuildPhase;
			buildActionMask = 2147483647;
			files = (
				9FDCD9E827724D05000F33D7 /* Preview Assets.xcassets in Resources */,
				9FDCD9E527724D05000F33D7 /* Assets.xcassets in Resources */,
			);
			runOnlyForDeploymentPostprocessing = 0;
		};
		9FDCD9EB27724D05000F33D7 /* Resources */ = {
			isa = PBXResourcesBuildPhase;
			buildActionMask = 2147483647;
			files = (
			);
			runOnlyForDeploymentPostprocessing = 0;
		};
		9FDCD9F527724D05000F33D7 /* Resources */ = {
			isa = PBXResourcesBuildPhase;
			buildActionMask = 2147483647;
			files = (
			);
			runOnlyForDeploymentPostprocessing = 0;
		};
/* End PBXResourcesBuildPhase section */

/* Begin PBXSourcesBuildPhase section */
		9FDCD9D927724D03000F33D7 /* Sources */ = {
			isa = PBXSourcesBuildPhase;
			buildActionMask = 2147483647;
			files = (
				9FDCD9E327724D03000F33D7 /* ContentView.swift in Sources */,
				9FDCD9E127724D03000F33D7 /* randomApp.swift in Sources */,
			);
			runOnlyForDeploymentPostprocessing = 0;
		};
		9FDCD9E927724D05000F33D7 /* Sources */ = {
			isa = PBXSourcesBuildPhase;
			buildActionMask = 2147483647;
			files = (
				9FDCD9F227724D05000F33D7 /* randomTests.swift in Sources */,
			);
			runOnlyForDeploymentPostprocessing = 0;
		};
		9FDCD9F327724D05000F33D7 /* Sources */ = {
			isa = PBXSourcesBuildPhase;
			buildActionMask = 2147483647;
			files = (
				9FDCD9FC27724D05000F33D7 /* randomUITests.swift in Sources */,
				9FDCD9FE27724D05000F33D7 /* randomUITestsLaunchTests.swift in Sources */,
			);
			runOnlyForDeploymentPostprocessing = 0;
		};
/* End PBXSourcesBuildPhase section */

/* Begin PBXTargetDependency section */
		9FDCD9EF27724D05000F33D7 /* PBXTargetDependency */ = {
			isa = PBXTargetDependency;
			target = 9FDCD9DC27724D03000F33D7 /* random */;
			targetProxy = 9FDCD9EE27724D05000F33D7 /* PBXContainerItemProxy */;
		};
		9FDCD9F927724D05000F33D7 /* PBXTargetDependency */ = {
			isa = PBXTargetDependency;
			target = 9FDCD9DC27724D03000F33D7 /* random */;
			targetProxy = 9FDCD9F827724D05000F33D7 /* PBXContainerItemProxy */;
		};
/* End PBXTargetDependency section */

/* Begin XCBuildConfiguration section */
		9FDCD9FF27724D05000F33D7 /* Debug */ = {
			isa = XCBuildConfiguration;
			buildSettings = {
				ALWAYS_SEARCH_USER_PATHS = NO;
				CLANG_ANALYZER_NONNULL = YES;
				CLANG_ANALYZER_NUMBER_OBJECT_CONVERSION = YES_AGGRESSIVE;
				CLANG_CXX_LANGUAGE_STANDARD = "gnu++17";
				CLANG_CXX_LIBRARY = "libc++";
				CLANG_ENABLE_MODULES = YES;
				CLANG_ENABLE_OBJC_ARC = YES;
				CLANG_ENABLE_OBJC_WEAK = YES;
				CLANG_WARN_BLOCK_CAPTURE_AUTORELEASING = YES;
				CLANG_WARN_BOOL_CONVERSION = YES;
				CLANG_WARN_COMMA = YES;
				CLANG_WARN_CONSTANT_CONVERSION = YES;
				CLANG_WARN_DEPRECATED_OBJC_IMPLEMENTATIONS = YES;
				CLANG_WARN_DIRECT_OBJC_ISA_USAGE = YES_ERROR;
				CLANG_WARN_DOCUMENTATION_COMMENTS = YES;
				CLANG_WARN_EMPTY_BODY = YES;
				CLANG_WARN_ENUM_CONVERSION = YES;
				CLANG_WARN_INFINITE_RECURSION = YES;
				CLANG_WARN_INT_CONVERSION = YES;
				CLANG_WARN_NON_LITERAL_NULL_CONVERSION = YES;
				CLANG_WARN_OBJC_IMPLICIT_RETAIN_SELF = YES;
				CLANG_WARN_OBJC_LITERAL_CONVERSION = YES;
				CLANG_WARN_OBJC_ROOT_CLASS = YES_ERROR;
				CLANG_WARN_QUOTED_INCLUDE_IN_FRAMEWORK_HEADER = YES;
				CLANG_WARN_RANGE_LOOP_ANALYSIS = YES;
				CLANG_WARN_STRICT_PROTOTYPES = YES;
				CLANG_WARN_SUSPICIOUS_MOVE = YES;
				CLANG_WARN_UNGUARDED_AVAILABILITY = YES_AGGRESSIVE;
				CLANG_WARN_UNREACHABLE_CODE = YES;
				CLANG_WARN__DUPLICATE_METHOD_MATCH = YES;
				COPY_PHASE_STRIP = NO;
				DEBUG_INFORMATION_FORMAT = dwarf;
				ENABLE_STRICT_OBJC_MSGSEND = YES;
				ENABLE_TESTABILITY = YES;
				GCC_C_LANGUAGE_STANDARD = gnu11;
				GCC_DYNAMIC_NO_PIC = NO;
				GCC_NO_COMMON_BLOCKS = YES;
				GCC_OPTIMIZATION_LEVEL = 0;
				GCC_PREPROCESSOR_DEFINITIONS = (
					"DEBUG=1",
					"$(inherited)",
				);
				GCC_WARN_64_TO_32_BIT_CONVERSION = YES;
				GCC_WARN_ABOUT_RETURN_TYPE = YES_ERROR;
				GCC_WARN_UNDECLARED_SELECTOR = YES;
				GCC_WARN_UNINITIALIZED_AUTOS = YES_AGGRESSIVE;
				GCC_WARN_UNUSED_FUNCTION = YES;
				GCC_WARN_UNUSED_VARIABLE = YES;
				IPHONEOS_DEPLOYMENT_TARGET = 15.0;
				MTL_ENABLE_DEBUG_INFO = INCLUDE_SOURCE;
				MTL_FAST_MATH = YES;
				ONLY_ACTIVE_ARCH = YES;
				SDKROOT = iphoneos;
				SWIFT_ACTIVE_COMPILATION_CONDITIONS = DEBUG;
				SWIFT_OPTIMIZATION_LEVEL = "-Onone";
			};
			name = Debug;
		};
		9FDCDA0027724D05000F33D7 /* Release */ = {
			isa = XCBuildConfiguration;
			buildSettings = {
				ALWAYS_SEARCH_USER_PATHS = NO;
				CLANG_ANALYZER_NONNULL = YES;
				CLANG_ANALYZER_NUMBER_OBJECT_CONVERSION = YES_AGGRESSIVE;
				CLANG_CXX_LANGUAGE_STANDARD = "gnu++17";
				CLANG_CXX_LIBRARY = "libc++";
				CLANG_ENABLE_MODULES = YES;
				CLANG_ENABLE_OBJC_ARC = YES;
				CLANG_ENABLE_OBJC_WEAK = YES;
				CLANG_WARN_BLOCK_CAPTURE_AUTORELEASING = YES;
				CLANG_WARN_BOOL_CONVERSION = YES;
				CLANG_WARN_COMMA = YES;
				CLANG_WARN_CONSTANT_CONVERSION = YES;
				CLANG_WARN_DEPRECATED_OBJC_IMPLEMENTATIONS = YES;
				CLANG_WARN_DIRECT_OBJC_ISA_USAGE = YES_ERROR;
				CLANG_WARN_DOCUMENTATION_COMMENTS = YES;
				CLANG_WARN_EMPTY_BODY = YES;
				CLANG_WARN_ENUM_CONVERSION = YES;
				CLANG_WARN_INFINITE_RECURSION = YES;
				CLANG_WARN_INT_CONVERSION = YES;
				CLANG_WARN_NON_LITERAL_NULL_CONVERSION = YES;
				CLANG_WARN_OBJC_IMPLICIT_RETAIN_SELF = YES;
				CLANG_WARN_OBJC_LITERAL_CONVERSION = YES;
				CLANG_WARN_OBJC_ROOT_CLASS = YES_ERROR;
				CLANG_WARN_QUOTED_INCLUDE_IN_FRAMEWORK_HEADER = YES;
				CLANG_WARN_RANGE_LOOP_ANALYSIS = YES;
				CLANG_WARN_STRICT_PROTOTYPES = YES;
				CLANG_WARN_SUSPICIOUS_MOVE = YES;
				CLANG_WARN_UNGUARDED_AVAILABILITY = YES_AGGRESSIVE;
				CLANG_WARN_UNREACHABLE_CODE = YES;
				CLANG_WARN__DUPLICATE_METHOD_MATCH = YES;
				COPY_PHASE_STRIP = NO;
				DEBUG_INFORMATION_FORMAT = "dwarf-with-dsym";
				ENABLE_NS_ASSERTIONS = NO;
				ENABLE_STRICT_OBJC_MSGSEND = YES;
				GCC_C_LANGUAGE_STANDARD = gnu11;
				GCC_NO_COMMON_BLOCKS = YES;
				GCC_WARN_64_TO_32_BIT_CONVERSION = YES;
				GCC_WARN_ABOUT_RETURN_TYPE = YES_ERROR;
				GCC_WARN_UNDECLARED_SELECTOR = YES;
				GCC_WARN_UNINITIALIZED_AUTOS = YES_AGGRESSIVE;
				GCC_WARN_UNUSED_FUNCTION = YES;
				GCC_WARN_UNUSED_VARIABLE = YES;
				IPHONEOS_DEPLOYMENT_TARGET = 15.0;
				MTL_ENABLE_DEBUG_INFO = NO;
				MTL_FAST_MATH = YES;
				SDKROOT = iphoneos;
				SWIFT_COMPILATION_MODE = wholemodule;
				SWIFT_OPTIMIZATION_LEVEL = "-O";
				VALIDATE_PRODUCT = YES;
			};
			name = Release;
		};
		9FDCDA0227724D05000F33D7 /* Debug */ = {
			isa = XCBuildConfiguration;
			buildSettings = {
				ASSETCATALOG_COMPILER_APPICON_NAME = AppIcon;
				ASSETCATALOG_COMPILER_GLOBAL_ACCENT_COLOR_NAME = AccentColor;
				CODE_SIGN_STYLE = Automatic;
				CURRENT_PROJECT_VERSION = 1;
				DEVELOPMENT_ASSET_PATHS = "\"random/Preview Content\"";
				DEVELOPMENT_TEAM = 5W9L9Y3QHW;
				ENABLE_PREVIEWS = YES;
				GENERATE_INFOPLIST_FILE = YES;
				INFOPLIST_KEY_UIApplicationSceneManifest_Generation = YES;
				INFOPLIST_KEY_UIApplicationSupportsIndirectInputEvents = YES;
				INFOPLIST_KEY_UILaunchScreen_Generation = YES;
				INFOPLIST_KEY_UISupportedInterfaceOrientations_iPad = "UIInterfaceOrientationPortrait UIInterfaceOrientationPortraitUpsideDown UIInterfaceOrientationLandscapeLeft UIInterfaceOrientationLandscapeRight";
				INFOPLIST_KEY_UISupportedInterfaceOrientations_iPhone = "UIInterfaceOrientationPortrait UIInterfaceOrientationLandscapeLeft UIInterfaceOrientationLandscapeRight";
				IPHONEOS_DEPLOYMENT_TARGET = 14.0;
				LD_RUNPATH_SEARCH_PATHS = (
					"$(inherited)",
					"@executable_path/Frameworks",
				);
				MARKETING_VERSION = 1.0;
				PRODUCT_BUNDLE_IDENTIFIER = chenyx.random;
				PRODUCT_NAME = "$(TARGET_NAME)";
				SWIFT_EMIT_LOC_STRINGS = YES;
				SWIFT_VERSION = 5.0;
				TARGETED_DEVICE_FAMILY = "1,2";
			};
			name = Debug;
		};
		9FDCDA0327724D05000F33D7 /* Release */ = {
			isa = XCBuildConfiguration;
			buildSettings = {
				ASSETCATALOG_COMPILER_APPICON_NAME = AppIcon;
				ASSETCATALOG_COMPILER_GLOBAL_ACCENT_COLOR_NAME = AccentColor;
				CODE_SIGN_STYLE = Automatic;
				CURRENT_PROJECT_VERSION = 1;
				DEVELOPMENT_ASSET_PATHS = "\"random/Preview Content\"";
				DEVELOPMENT_TEAM = 5W9L9Y3QHW;
				ENABLE_PREVIEWS = YES;
				GENERATE_INFOPLIST_FILE = YES;
				INFOPLIST_KEY_UIApplicationSceneManifest_Generation = YES;
				INFOPLIST_KEY_UIApplicationSupportsIndirectInputEvents = YES;
				INFOPLIST_KEY_UILaunchScreen_Generation = YES;
				INFOPLIST_KEY_UISupportedInterfaceOrientations_iPad = "UIInterfaceOrientationPortrait UIInterfaceOrientationPortraitUpsideDown UIInterfaceOrientationLandscapeLeft UIInterfaceOrientationLandscapeRight";
				INFOPLIST_KEY_UISupportedInterfaceOrientations_iPhone = "UIInterfaceOrientationPortrait UIInterfaceOrientationLandscapeLeft UIInterfaceOrientationLandscapeRight";
				IPHONEOS_DEPLOYMENT_TARGET = 14.0;
				LD_RUNPATH_SEARCH_PATHS = (
					"$(inherited)",
					"@executable_path/Frameworks",
				);
				MARKETING_VERSION = 1.0;
				PRODUCT_BUNDLE_IDENTIFIER = chenyx.random;
				PRODUCT_NAME = "$(TARGET_NAME)";
				SWIFT_EMIT_LOC_STRINGS = YES;
				SWIFT_VERSION = 5.0;
				TARGETED_DEVICE_FAMILY = "1,2";
			};
			name = Release;
		};
		9FDCDA0527724D05000F33D7 /* Debug */ = {
			isa = XCBuildConfiguration;
			buildSettings = {
				ALWAYS_EMBED_SWIFT_STANDARD_LIBRARIES = YES;
				BUNDLE_LOADER = "$(TEST_HOST)";
				CODE_SIGN_STYLE = Automatic;
				CURRENT_PROJECT_VERSION = 1;
				DEVELOPMENT_TEAM = 5W9L9Y3QHW;
				GENERATE_INFOPLIST_FILE = YES;
				IPHONEOS_DEPLOYMENT_TARGET = 14.0;
				LD_RUNPATH_SEARCH_PATHS = (
					"$(inherited)",
					"@executable_path/Frameworks",
					"@loader_path/Frameworks",
				);
				MARKETING_VERSION = 1.0;
				PRODUCT_BUNDLE_IDENTIFIER = chenyx.randomTests;
				PRODUCT_NAME = "$(TARGET_NAME)";
				SWIFT_EMIT_LOC_STRINGS = NO;
				SWIFT_VERSION = 5.0;
				TARGETED_DEVICE_FAMILY = "1,2";
				TEST_HOST = "$(BUILT_PRODUCTS_DIR)/random.app/random";
			};
			name = Debug;
		};
		9FDCDA0627724D05000F33D7 /* Release */ = {
			isa = XCBuildConfiguration;
			buildSettings = {
				ALWAYS_EMBED_SWIFT_STANDARD_LIBRARIES = YES;
				BUNDLE_LOADER = "$(TEST_HOST)";
				CODE_SIGN_STYLE = Automatic;
				CURRENT_PROJECT_VERSION = 1;
				DEVELOPMENT_TEAM = 5W9L9Y3QHW;
				GENERATE_INFOPLIST_FILE = YES;
				IPHONEOS_DEPLOYMENT_TARGET = 14.0;
				LD_RUNPATH_SEARCH_PATHS = (
					"$(inherited)",
					"@executable_path/Frameworks",
					"@loader_path/Frameworks",
				);
				MARKETING_VERSION = 1.0;
				PRODUCT_BUNDLE_IDENTIFIER = chenyx.randomTests;
				PRODUCT_NAME = "$(TARGET_NAME)";
				SWIFT_EMIT_LOC_STRINGS = NO;
				SWIFT_VERSION = 5.0;
				TARGETED_DEVICE_FAMILY = "1,2";
				TEST_HOST = "$(BUILT_PRODUCTS_DIR)/random.app/random";
			};
			name = Release;
		};
		9FDCDA0827724D05000F33D7 /* Debug */ = {
			isa = XCBuildConfiguration;
			buildSettings = {
				ALWAYS_EMBED_SWIFT_STANDARD_LIBRARIES = YES;
				CODE_SIGN_STYLE = Automatic;
				CURRENT_PROJECT_VERSION = 1;
				DEVELOPMENT_TEAM = 5W9L9Y3QHW;
				GENERATE_INFOPLIST_FILE = YES;
				LD_RUNPATH_SEARCH_PATHS = (
					"$(inherited)",
					"@executable_path/Frameworks",
					"@loader_path/Frameworks",
				);
				MARKETING_VERSION = 1.0;
				PRODUCT_BUNDLE_IDENTIFIER = chenyx.randomUITests;
				PRODUCT_NAME = "$(TARGET_NAME)";
				SWIFT_EMIT_LOC_STRINGS = NO;
				SWIFT_VERSION = 5.0;
				TARGETED_DEVICE_FAMILY = "1,2";
				TEST_TARGET_NAME = random;
			};
			name = Debug;
		};
		9FDCDA0927724D05000F33D7 /* Release */ = {
			isa = XCBuildConfiguration;
			buildSettings = {
				ALWAYS_EMBED_SWIFT_STANDARD_LIBRARIES = YES;
				CODE_SIGN_STYLE = Automatic;
				CURRENT_PROJECT_VERSION = 1;
				DEVELOPMENT_TEAM = 5W9L9Y3QHW;
				GENERATE_INFOPLIST_FILE = YES;
				LD_RUNPATH_SEARCH_PATHS = (
					"$(inherited)",
					"@executable_path/Frameworks",
					"@loader_path/Frameworks",
				);
				MARKETING_VERSION = 1.0;
				PRODUCT_BUNDLE_IDENTIFIER = chenyx.randomUITests;
				PRODUCT_NAME = "$(TARGET_NAME)";
				SWIFT_EMIT_LOC_STRINGS = NO;
				SWIFT_VERSION = 5.0;
				TARGETED_DEVICE_FAMILY = "1,2";
				TEST_TARGET_NAME = random;
			};
			name = Release;
		};
/* End XCBuildConfiguration section */

/* Begin XCConfigurationList section */
		9FDCD9D827724D03000F33D7 /* Build configuration list for PBXProject "random" */ = {
			isa = XCConfigurationList;
			buildConfigurations = (
				9FDCD9FF27724D05000F33D7 /* Debug */,
				9FDCDA0027724D05000F33D7 /* Release */,
			);
			defaultConfigurationIsVisible = 0;
			defaultConfigurationName = Release;
		};
		9FDCDA0127724D05000F33D7 /* Build configuration list for PBXNativeTarget "random" */ = {
			isa = XCConfigurationList;
			buildConfigurations = (
				9FDCDA0227724D05000F33D7 /* Debug */,
				9FDCDA0327724D05000F33D7 /* Release */,
			);
			defaultConfigurationIsVisible = 0;
			defaultConfigurationName = Release;
		};
		9FDCDA0427724D05000F33D7 /* Build configuration list for PBXNativeTarget "randomTests" */ = {
			isa = XCConfigurationList;
			buildConfigurations = (
				9FDCDA0527724D05000F33D7 /* Debug */,
				9FDCDA0627724D05000F33D7 /* Release */,
			);
			defaultConfigurationIsVisible = 0;
			defaultConfigurationName = Release;
		};
		9FDCDA0727724D05000F33D7 /* Build configuration list for PBXNativeTarget "randomUITests" */ = {
			isa = XCConfigurationList;
			buildConfigurations = (
				9FDCDA0827724D05000F33D7 /* Debug */,
				9FDCDA0927724D05000F33D7 /* Release */,
			);
			defaultConfigurationIsVisible = 0;
			defaultConfigurationName = Release;
		};
/* End XCConfigurationList section */
	};
	rootObject = 9FDCD9D527724D03000F33D7 /* Project object */;
}
